
Microsoft Visual Studio Solution File, Format Version 12.00
# Visual Studio Version 17
VisualStudioVersion = 17.13.35919.96 d17.13
MinimumVisualStudioVersion = 10.0.40219.1
Project("{FAE04EC0-301F-11D3-BF4B-00C04F79EFBC}") = "Lançamento_Contabil", "Lançamento_Contabil\Lançamento_Contabil.csproj", "{C6B24303-D882-4FE1-8C61-F6CFF4936007}"
EndProject
Global
	GlobalSection(SolutionConfigurationPlatforms) = preSolution
		Debug|Any CPU = Debug|Any CPU
		Release|Any CPU = Release|Any CPU
	EndGlobalSection
	GlobalSection(ProjectConfigurationPlatforms) = postSolution
		{C6B24303-D882-4FE1-8C61-F6CFF4936007}.Debug|Any CPU.ActiveCfg = Debug|Any CPU
		{C6B24303-D882-4FE1-8C61-F6CFF4936007}.Debug|Any CPU.Build.0 = Debug|Any CPU
		{C6B24303-D882-4FE1-8C61-F6CFF4936007}.Release|Any CPU.ActiveCfg = Release|Any CPU
		{C6B24303-D882-4FE1-8C61-F6CFF4936007}.Release|Any CPU.Build.0 = Release|Any CPU
	EndGlobalSection
	GlobalSection(SolutionProperties) = preSolution
		HideSolutionNode = FALSE
	EndGlobalSection
	GlobalSection(ExtensibilityGlobals) = postSolution
		SolutionGuid = {B3BE243B-4485-4FF6-BD49-327F0061141B}
	EndGlobalSection
EndGlobal
